PackratFormat: 1.4
PackratVersion: 0.4.7.1
RVersion: 3.3.0
Repos: CRAN=http://www.vps.fmvz.usp.br/CRAN/

Package: BH
Source: CRAN
Version: 1.60.0-2
Hash: be2967bcff307e561d9ba17faf03205c

Package: DBI
Source: CRAN
Version: 0.5
Hash: b4baa1938fb20e76519e8aa253fe60a6

Package: R6
Source: CRAN
Version: 2.1.2
Hash: c515e41c73294952cbb33ee1c1be5a2d

Package: Rcpp
Source: CRAN
Version: 0.12.6
Hash: 79f89fabd832de0a2e60aa05d9027f32

Package: XML
Source: CRAN
Version: 3.98-1.4
Hash: 9f8bc34c3c3d2967c7d25f8945216ffa

Package: assertthat
Source: CRAN
Version: 0.1
Hash: 0afb92b59b02593c70ff8046700ba9d3

Package: curl
Source: CRAN
Version: 1.1
Hash: d26f0f41a4c463de690f1a6c63f9cd7f

Package: devtools
Source: CRAN
Version: 1.12.0
Hash: bbad95109ae75cbb14099281cda43af2
Requires: digest, git2r, httr, jsonlite, memoise, rstudioapi, whisker,
    withr

Package: digest
Source: CRAN
Version: 0.6.10
Hash: 87165608ca8aeb0958835c3c5b52b6b7

Package: dplyr
Source: CRAN
Version: 0.5.0
Hash: e34869d6b47a9b9579c2e98c20aa7609
Requires: BH, DBI, R6, Rcpp, assertthat, lazyeval, magrittr, tibble

Package: git2r
Source: CRAN
Version: 0.15.0
Hash: 92d5a9f3cba5e146b92a76dabbc29fbb

Package: httr
Source: CRAN
Version: 1.2.1
Hash: 7de1f8f760441881804af7c1ff324340
Requires: R6, curl, jsonlite, mime, openssl

Package: jsonlite
Source: CRAN
Version: 1.0
Hash: f32817e181c39ede83fdd3e699348b69

Package: lazyeval
Source: CRAN
Version: 0.2.0
Hash: 3d6e7608e65bbf5cb170dab1e3c9ed8b

Package: magrittr
Source: CRAN
Version: 1.5
Hash: bdc4d48c3135e8f3b399536ddf160df4

Package: memoise
Source: CRAN
Version: 1.0.0
Hash: 56e7087c3559eb7ba72a9afb349bf896
Requires: digest

Package: mime
Source: CRAN
Version: 0.5
Hash: 463550cf44fb6f0a2359368f42eebe62

Package: openssl
Source: CRAN
Version: 0.9.4
Hash: 5ceb5d83bba44e8e5a764ac6ad32e9fb

Package: packrat
Source: CRAN
Version: 0.4.7-1
Hash: 16ca16d36eb18d1d16113606ecc5c400

Package: pacman
Source: CRAN
Version: 0.4.1
Hash: 95e04058468f618d3285f757464e02ce
Requires: devtools

Package: pscl
Source: CRAN
Version: 1.4.9
Hash: b89db41fa250ee766e0be58c8b4227b0

Package: rstudioapi
Source: CRAN
Version: 0.6
Hash: fd256f8bfb9a64cc35f98b0decb1a79f

Package: tibble
Source: CRAN
Version: 1.1
Hash: 5467b4aa158b2d984538f7ffde17171c
Requires: Rcpp, assertthat, lazyeval

Package: whisker
Source: CRAN
Version: 0.3-2
Hash: 803d662762e532705c2c066a82d066e7

Package: withr
Source: CRAN
Version: 1.0.2
Hash: 774eb7be9087cdc24b53b74e5359cfac
